
Microsoft Visual Studio Solution File, Format Version 12.00
# Visual Studio Version 17
VisualStudioVersion = 17.10.35027.167
MinimumVisualStudioVersion = 10.0.40219.1
Project("{9A19103F-16F7-4668-BE54-9A1E7A4F7556}") = "RestaurantAPI", "RestaurantAPI\RestaurantAPI.csproj", "{25492854-DB71-4221-906D-850AA0C5762B}"
EndProject
Project("{FAE04EC0-301F-11D3-BF4B-00C04F79EFBC}") = "RestaurantMvc", "RestaurantMvc\RestaurantMvc.csproj", "{2AC513FC-15C7-4065-BE13-19B0E7E1F115}"
EndProject
Global
	GlobalSection(SolutionConfigurationPlatforms) = preSolution
		Debug|Any CPU = Debug|Any CPU
		Release|Any CPU = Release|Any CPU
	EndGlobalSection
	GlobalSection(ProjectConfigurationPlatforms) = postSolution
		{25492854-DB71-4221-906D-850AA0C5762B}.Debug|Any CPU.ActiveCfg = Debug|Any CPU
		{25492854-DB71-4221-906D-850AA0C5762B}.Debug|Any CPU.Build.0 = Debug|Any CPU
		{25492854-DB71-4221-906D-850AA0C5762B}.Release|Any CPU.ActiveCfg = Release|Any CPU
		{25492854-DB71-4221-906D-850AA0C5762B}.Release|Any CPU.Build.0 = Release|Any CPU
		{2AC513FC-15C7-4065-BE13-19B0E7E1F115}.Debug|Any CPU.ActiveCfg = Debug|Any CPU
		{2AC513FC-15C7-4065-BE13-19B0E7E1F115}.Debug|Any CPU.Build.0 = Debug|Any CPU
		{2AC513FC-15C7-4065-BE13-19B0E7E1F115}.Release|Any CPU.ActiveCfg = Release|Any CPU
		{2AC513FC-15C7-4065-BE13-19B0E7E1F115}.Release|Any CPU.Build.0 = Release|Any CPU
	EndGlobalSection
	GlobalSection(SolutionProperties) = preSolution
		HideSolutionNode = FALSE
	EndGlobalSection
	GlobalSection(ExtensibilityGlobals) = postSolution
		SolutionGuid = {D0C452A9-2E18-42B4-ABAB-99EB8B99AF56}
	EndGlobalSection
EndGlobal
